
Microsoft Visual Studio Solution File, Format Version 12.00
# Visual Studio 15
VisualStudioVersion = 15.0.28307.2092
MinimumVisualStudioVersion = 10.0.40219.1
Project("{FAE04EC0-301F-11D3-BF4B-00C04F79EFBC}") = "Carrera", "Carrera\Carrera.csproj", "{FDCFB095-9181-4750-AB12-E1350D0D758B}"
EndProject
Project("{FAE04EC0-301F-11D3-BF4B-00C04F79EFBC}") = "Datos", "Datos\Datos.csproj", "{B78BAE02-BF09-4A67-B081-705A8BECFE8B}"
EndProject
Project("{FAE04EC0-301F-11D3-BF4B-00C04F79EFBC}") = "Negocio", "Negocio\Negocio.csproj", "{725CC8CA-76C2-4B07-927B-62BB3C69E481}"
EndProject
Global
	GlobalSection(SolutionConfigurationPlatforms) = preSolution
		Debug|Any CPU = Debug|Any CPU
		Release|Any CPU = Release|Any CPU
	EndGlobalSection
	GlobalSection(ProjectConfigurationPlatforms) = postSolution
		{FDCFB095-9181-4750-AB12-E1350D0D758B}.Debug|Any CPU.ActiveCfg = Debug|Any CPU
		{FDCFB095-9181-4750-AB12-E1350D0D758B}.Debug|Any CPU.Build.0 = Debug|Any CPU
		{FDCFB095-9181-4750-AB12-E1350D0D758B}.Release|Any CPU.ActiveCfg = Release|Any CPU
		{FDCFB095-9181-4750-AB12-E1350D0D758B}.Release|Any CPU.Build.0 = Release|Any CPU
		{B78BAE02-BF09-4A67-B081-705A8BECFE8B}.Debug|Any CPU.ActiveCfg = Debug|Any CPU
		{B78BAE02-BF09-4A67-B081-705A8BECFE8B}.Debug|Any CPU.Build.0 = Debug|Any CPU
		{B78BAE02-BF09-4A67-B081-705A8BECFE8B}.Release|Any CPU.ActiveCfg = Release|Any CPU
		{B78BAE02-BF09-4A67-B081-705A8BECFE8B}.Release|Any CPU.Build.0 = Release|Any CPU
		{725CC8CA-76C2-4B07-927B-62BB3C69E481}.Debug|Any CPU.ActiveCfg = Debug|Any CPU
		{725CC8CA-76C2-4B07-927B-62BB3C69E481}.Debug|Any CPU.Build.0 = Debug|Any CPU
		{725CC8CA-76C2-4B07-927B-62BB3C69E481}.Release|Any CPU.ActiveCfg = Release|Any CPU
		{725CC8CA-76C2-4B07-927B-62BB3C69E481}.Release|Any CPU.Build.0 = Release|Any CPU
	EndGlobalSection
	GlobalSection(SolutionProperties) = preSolution
		HideSolutionNode = FALSE
	EndGlobalSection
	GlobalSection(ExtensibilityGlobals) = postSolution
		SolutionGuid = {28F1C7AA-A579-49B3-B79F-0FBA1CA75AD3}
	EndGlobalSection
EndGlobal
